
Microsoft Visual Studio Solution File, Format Version 12.00
# Visual Studio Version 17
VisualStudioVersion = 17.14.36429.23 d17.14
MinimumVisualStudioVersion = 10.0.40219.1
Project("{FAE04EC0-301F-11D3-BF4B-00C04F79EFBC}") = "PruebecicasDI_1", "PruebecicasDI_1\PruebecicasDI_1.csproj", "{AC04912E-ACE3-44EC-BC2B-AA60A79A811E}"
EndProject
Global
	GlobalSection(SolutionConfigurationPlatforms) = preSolution
		Debug|Any CPU = Debug|Any CPU
		Release|Any CPU = Release|Any CPU
	EndGlobalSection
	GlobalSection(ProjectConfigurationPlatforms) = postSolution
		{AC04912E-ACE3-44EC-BC2B-AA60A79A811E}.Debug|Any CPU.ActiveCfg = Debug|Any CPU
		{AC04912E-ACE3-44EC-BC2B-AA60A79A811E}.Debug|Any CPU.Build.0 = Debug|Any CPU
		{AC04912E-ACE3-44EC-BC2B-AA60A79A811E}.Release|Any CPU.ActiveCfg = Release|Any CPU
		{AC04912E-ACE3-44EC-BC2B-AA60A79A811E}.Release|Any CPU.Build.0 = Release|Any CPU
	EndGlobalSection
	GlobalSection(SolutionProperties) = preSolution
		HideSolutionNode = FALSE
	EndGlobalSection
	GlobalSection(ExtensibilityGlobals) = postSolution
		SolutionGuid = {74F05D78-C40E-45BE-81CA-F5CBE291E6F6}
	EndGlobalSection
EndGlobal
