
Microsoft Visual Studio Solution File, Format Version 12.00
# Visual Studio Version 17
VisualStudioVersion = 17.14.36429.23 d17.14
MinimumVisualStudioVersion = 10.0.40219.1
Project("{FAE04EC0-301F-11D3-BF4B-00C04F79EFBC}") = "EjercicioListas2", "EjercicioListas2\EjercicioListas2.csproj", "{33501096-E83F-4E6E-B325-5DD497F8EF3D}"
EndProject
Global
	GlobalSection(SolutionConfigurationPlatforms) = preSolution
		Debug|Any CPU = Debug|Any CPU
		Release|Any CPU = Release|Any CPU
	EndGlobalSection
	GlobalSection(ProjectConfigurationPlatforms) = postSolution
		{33501096-E83F-4E6E-B325-5DD497F8EF3D}.Debug|Any CPU.ActiveCfg = Debug|Any CPU
		{33501096-E83F-4E6E-B325-5DD497F8EF3D}.Debug|Any CPU.Build.0 = Debug|Any CPU
		{33501096-E83F-4E6E-B325-5DD497F8EF3D}.Release|Any CPU.ActiveCfg = Release|Any CPU
		{33501096-E83F-4E6E-B325-5DD497F8EF3D}.Release|Any CPU.Build.0 = Release|Any CPU
	EndGlobalSection
	GlobalSection(SolutionProperties) = preSolution
		HideSolutionNode = FALSE
	EndGlobalSection
	GlobalSection(ExtensibilityGlobals) = postSolution
		SolutionGuid = {CD55D09A-53DA-4BA6-9F97-F40C968DAA21}
	EndGlobalSection
EndGlobal
