
Microsoft Visual Studio Solution File, Format Version 12.00
# Visual Studio Version 18
VisualStudioVersion = 18.3.11505.172 d18.3
MinimumVisualStudioVersion = 10.0.40219.1
Project("{FAE04EC0-301F-11D3-BF4B-00C04F79EFBC}") = "Frutas", "Frutas\Frutas.csproj", "{96865598-1B6E-4757-9B02-4DAA557A75EC}"
EndProject
Global
	GlobalSection(SolutionConfigurationPlatforms) = preSolution
		Debug|Any CPU = Debug|Any CPU
		Release|Any CPU = Release|Any CPU
	EndGlobalSection
	GlobalSection(ProjectConfigurationPlatforms) = postSolution
		{96865598-1B6E-4757-9B02-4DAA557A75EC}.Debug|Any CPU.ActiveCfg = Debug|Any CPU
		{96865598-1B6E-4757-9B02-4DAA557A75EC}.Debug|Any CPU.Build.0 = Debug|Any CPU
		{96865598-1B6E-4757-9B02-4DAA557A75EC}.Release|Any CPU.ActiveCfg = Release|Any CPU
		{96865598-1B6E-4757-9B02-4DAA557A75EC}.Release|Any CPU.Build.0 = Release|Any CPU
	EndGlobalSection
	GlobalSection(SolutionProperties) = preSolution
		HideSolutionNode = FALSE
	EndGlobalSection
	GlobalSection(ExtensibilityGlobals) = postSolution
		SolutionGuid = {1BBB3CAB-EE04-42E8-9886-D3BB489A2230}
	EndGlobalSection
EndGlobal
