
Microsoft Visual Studio Solution File, Format Version 12.00
# Visual Studio Version 17
VisualStudioVersion = 17.14.36429.23 d17.14
MinimumVisualStudioVersion = 10.0.40219.1
Project("{FAE04EC0-301F-11D3-BF4B-00C04F79EFBC}") = "Ejercicio3Colas", "Ejercicio3Colas\Ejercicio3Colas.csproj", "{33B55A49-2C36-4F07-8BE6-F013300A84BD}"
EndProject
Global
	GlobalSection(SolutionConfigurationPlatforms) = preSolution
		Debug|Any CPU = Debug|Any CPU
		Release|Any CPU = Release|Any CPU
	EndGlobalSection
	GlobalSection(ProjectConfigurationPlatforms) = postSolution
		{33B55A49-2C36-4F07-8BE6-F013300A84BD}.Debug|Any CPU.ActiveCfg = Debug|Any CPU
		{33B55A49-2C36-4F07-8BE6-F013300A84BD}.Debug|Any CPU.Build.0 = Debug|Any CPU
		{33B55A49-2C36-4F07-8BE6-F013300A84BD}.Release|Any CPU.ActiveCfg = Release|Any CPU
		{33B55A49-2C36-4F07-8BE6-F013300A84BD}.Release|Any CPU.Build.0 = Release|Any CPU
	EndGlobalSection
	GlobalSection(SolutionProperties) = preSolution
		HideSolutionNode = FALSE
	EndGlobalSection
	GlobalSection(ExtensibilityGlobals) = postSolution
		SolutionGuid = {06A32AA0-F0CF-4480-B31B-0995AA09210C}
	EndGlobalSection
EndGlobal
