
Microsoft Visual Studio Solution File, Format Version 12.00
# Visual Studio Version 17
VisualStudioVersion = 17.14.36429.23 d17.14
MinimumVisualStudioVersion = 10.0.40219.1
Project("{FAE04EC0-301F-11D3-BF4B-00C04F79EFBC}") = "Ejercicio1Listas", "Ejercicio1Listas\Ejercicio1Listas.csproj", "{C84CB5B8-698D-4D6C-8E04-2EB1805014DA}"
EndProject
Global
	GlobalSection(SolutionConfigurationPlatforms) = preSolution
		Debug|Any CPU = Debug|Any CPU
		Release|Any CPU = Release|Any CPU
	EndGlobalSection
	GlobalSection(ProjectConfigurationPlatforms) = postSolution
		{C84CB5B8-698D-4D6C-8E04-2EB1805014DA}.Debug|Any CPU.ActiveCfg = Debug|Any CPU
		{C84CB5B8-698D-4D6C-8E04-2EB1805014DA}.Debug|Any CPU.Build.0 = Debug|Any CPU
		{C84CB5B8-698D-4D6C-8E04-2EB1805014DA}.Release|Any CPU.ActiveCfg = Release|Any CPU
		{C84CB5B8-698D-4D6C-8E04-2EB1805014DA}.Release|Any CPU.Build.0 = Release|Any CPU
	EndGlobalSection
	GlobalSection(SolutionProperties) = preSolution
		HideSolutionNode = FALSE
	EndGlobalSection
	GlobalSection(ExtensibilityGlobals) = postSolution
		SolutionGuid = {A0A15FB6-079B-4AE7-884E-741D75437B7E}
	EndGlobalSection
EndGlobal
